
Microsoft Visual Studio Solution File, Format Version 12.00
# Visual Studio Version 17
VisualStudioVersion = 17.8.34330.188
MinimumVisualStudioVersion = 10.0.40219.1
Project("{FAE04EC0-301F-11D3-BF4B-00C04F79EFBC}") = "TestCiCd", "TestCiCd.csproj", "{841D89BC-8D1A-4E02-966B-533C76A817CD}"
EndProject
Global
	GlobalSection(SolutionConfigurationPlatforms) = preSolution
		Debug|Any CPU = Debug|Any CPU
		Release|Any CPU = Release|Any CPU
	EndGlobalSection
	GlobalSection(ProjectConfigurationPlatforms) = postSolution
		{841D89BC-8D1A-4E02-966B-533C76A817CD}.Debug|Any CPU.ActiveCfg = Debug|Any CPU
		{841D89BC-8D1A-4E02-966B-533C76A817CD}.Debug|Any CPU.Build.0 = Debug|Any CPU
		{841D89BC-8D1A-4E02-966B-533C76A817CD}.Release|Any CPU.ActiveCfg = Release|Any CPU
		{841D89BC-8D1A-4E02-966B-533C76A817CD}.Release|Any CPU.Build.0 = Release|Any CPU
	EndGlobalSection
	GlobalSection(SolutionProperties) = preSolution
		HideSolutionNode = FALSE
	EndGlobalSection
	GlobalSection(ExtensibilityGlobals) = postSolution
		SolutionGuid = {264ED80A-9DDF-4263-80C0-E8F5F9CFCC3A}
	EndGlobalSection
EndGlobal
